
Microsoft Visual Studio Solution File, Format Version 12.00
# Visual Studio 15
VisualStudioVersion = 15.0.28307.757
MinimumVisualStudioVersion = 10.0.40219.1
Project("{FAE04EC0-301F-11D3-BF4B-00C04F79EFBC}") = "webdev101api", "webdev101api\webdev101api.csproj", "{0199FB21-D2E1-44E9-A71A-995D6B0E294F}"
EndProject
Global
	GlobalSection(SolutionConfigurationPlatforms) = preSolution
		Debug|Any CPU = Debug|Any CPU
		Release|Any CPU = Release|Any CPU
	EndGlobalSection
	GlobalSection(ProjectConfigurationPlatforms) = postSolution
		{0199FB21-D2E1-44E9-A71A-995D6B0E294F}.Debug|Any CPU.ActiveCfg = Debug|Any CPU
		{0199FB21-D2E1-44E9-A71A-995D6B0E294F}.Debug|Any CPU.Build.0 = Debug|Any CPU
		{0199FB21-D2E1-44E9-A71A-995D6B0E294F}.Release|Any CPU.ActiveCfg = Release|Any CPU
		{0199FB21-D2E1-44E9-A71A-995D6B0E294F}.Release|Any CPU.Build.0 = Release|Any CPU
	EndGlobalSection
	GlobalSection(SolutionProperties) = preSolution
		HideSolutionNode = FALSE
	EndGlobalSection
	GlobalSection(ExtensibilityGlobals) = postSolution
		SolutionGuid = {7D0CB1F3-6F3B-4BFB-9D9C-8905F1D43988}
	EndGlobalSection
EndGlobal
